id: os_allow_user_session_lock
title: Ubuntu 22.04 LTS must allow users to directly initiate a session lock for all
  connection types.
discussion: A session lock temporarily secures a user's session when they step away
  without logging out, allowing manual activation in Ubuntu 22.04 LTS. It satisfies
  SRG-OS-000030-GPOS-00011 and SRG-OS-000031-GPOS-00012.
references:
  nist:
    800-53r5:
    - AC-11 a
    - AC-11 (1)
  disa:
    cci:
    - CCI-000057
    - CCI-000058
    - CCI-000060
    srg:
    - SRG-OS-000030-GPOS-00011
    - - SRG-OS-000031-GPOS-00012
    disa_stig:
      ubuntu_2204:
      - UBTU-22-412025
      ubuntu_2404:
      - UBTU-24-101000
platforms:
- name: ubuntu_2204
  benchmarks:
  - name: disa_stig
    severity: medium
  enforcement_info:
    check:
      shell: dpkg -s vlock >/dev/null 2>&1
      expected_output: 0
    fix:
      shell: sudo apt-get install vlock
- name: ubuntu_2404
  benchmarks:
  - name: disa_stig
    severity: medium
  enforcement_info:
    check:
      shell: dpkg -l | grep -q vlock
      expected_output: 0
    fix:
      shell: sudo apt install -y vlock
tags:
- testing
